github.com/xytan0056/depwithoutgen v0.0.0-20191130085409-6bf05a9d4168 h1:VcgbRqQhYH03RvKkW9/CVhqyVPX5lFcZ4MXHtGVQHZs=
github.com/xytan0056/depwithoutgen v0.0.0-20191130085409-6bf05a9d4168/go.mod h1:EmHqfkulXhYj5U47sBppAhVk+nAdGLLrd7JPDqJBae4=
github.com/xytan0056/depwithoutgen v0.0.0-20191130091848-792c8702887c h1:xSX5AxtvNTGWVAI0umRjEdgv7ABWYVnI0YWZDUW3A1k=
github.com/xytan0056/depwithoutgen v0.0.0-20191130091848-792c8702887c/go.mod h1:EmHqfkulXhYj5U47sBppAhVk+nAdGLLrd7JPDqJBae4=
